
Microsoft Visual Studio Solution File, Format Version 12.00
Project("{FAE04EC0-301F-11D3-BF4B-00C04F79EFBC}") = "TCMBKur", "TCMBKur\TCMBKur.csproj", "{9363D2A6-1467-4C92-80B7-8A268B2077AB}"
EndProject
Global
	GlobalSection(SolutionConfigurationPlatforms) = preSolution
		Debug|Any CPU = Debug|Any CPU
		Release|Any CPU = Release|Any CPU
	EndGlobalSection
	GlobalSection(ProjectConfigurationPlatforms) = postSolution
		{9363D2A6-1467-4C92-80B7-8A268B2077AB}.Debug|Any CPU.ActiveCfg = Debug|Any CPU
		{9363D2A6-1467-4C92-80B7-8A268B2077AB}.Debug|Any CPU.Build.0 = Debug|Any CPU
		{9363D2A6-1467-4C92-80B7-8A268B2077AB}.Release|Any CPU.ActiveCfg = Release|Any CPU
		{9363D2A6-1467-4C92-80B7-8A268B2077AB}.Release|Any CPU.Build.0 = Release|Any CPU
	EndGlobalSection
EndGlobal
